// !$*UTF8*$!
{
	archiveVersion = 1;
	classes = {
	};
	objectVersion = 56;
	objects = {

/* Begin PBXBuildFile section */
		5CA1B1BC2C88B95C00685486 /* Mini_Sounds_Challenge_ApiCallApp.swift in Sources */ = {isa = PBXBuildFile; fileRef = 5CA1B1BB2C88B95C00685486 /* Mini_Sounds_Challenge_ApiCallApp.swift */; };
		5CA1B1BE2C88B95C00685486 /* ContentView.swift in Sources */ = {isa = PBXBuildFile; fileRef = 5CA1B1BD2C88B95C00685486 /* ContentView.swift */; };
		5CA1B1C02C88B95D00685486 /* Assets.xcassets in Resources */ = {isa = PBXBuildFile; fileRef = 5CA1B1BF2C88B95D00685486 /* Assets.xcassets */; };
		5CA1B1C32C88B95D00685486 /* Preview Assets.xcassets in Resources */ = {isa = PBXBuildFile; fileRef = 5CA1B1C22C88B95D00685486 /* Preview Assets.xcassets */; };
		5CA1B1CD2C88B95D00685486 /* Mini_Sounds_Challenge_ApiCallTests.swift in Sources */ = {isa = PBXBuildFile; fileRef = 5CA1B1CC2C88B95D00685486 /* Mini_Sounds_Challenge_ApiCallTests.swift */; };
		5CA1B1D72C88B95D00685486 /* Mini_Sounds_Challenge_ApiCallUITests.swift in Sources */ = {isa = PBXBuildFile; fileRef = 5CA1B1D62C88B95D00685486 /* Mini_Sounds_Challenge_ApiCallUITests.swift */; };
		5CA1B1D92C88B95D00685486 /* Mini_Sounds_Challenge_ApiCallUITestsLaunchTests.swift in Sources */ = {isa = PBXBuildFile; fileRef = 5CA1B1D82C88B95D00685486 /* Mini_Sounds_Challenge_ApiCallUITestsLaunchTests.swift */; };
		5CA1B1ED2C88BA5000685486 /* ConfigPresenter.swift in Sources */ = {isa = PBXBuildFile; fileRef = 5CA1B1E52C88BA5000685486 /* ConfigPresenter.swift */; };
		5CA1B1EE2C88BA5000685486 /* AppCoordinator.swift in Sources */ = {isa = PBXBuildFile; fileRef = 5CA1B1E72C88BA5000685486 /* AppCoordinator.swift */; };
		5CA1B1EF2C88BA5000685486 /* ConfigView.swift in Sources */ = {isa = PBXBuildFile; fileRef = 5CA1B1E82C88BA5000685486 /* ConfigView.swift */; };
		5CA1B1F02C88BA5000685486 /* ErrorView.swift in Sources */ = {isa = PBXBuildFile; fileRef = 5CA1B1E92C88BA5000685486 /* ErrorView.swift */; };
		5CA1B1F12C88BA5000685486 /* KillSwitchView.swift in Sources */ = {isa = PBXBuildFile; fileRef = 5CA1B1EA2C88BA5000685486 /* KillSwitchView.swift */; };
		5CA1B1F22C88BA5000685486 /* LoadingView.swift in Sources */ = {isa = PBXBuildFile; fileRef = 5CA1B1EB2C88BA5000685486 /* LoadingView.swift */; };
		5CA1B1F52C88BA8200685486 /* FetchConfigUseCase.swift in Sources */ = {isa = PBXBuildFile; fileRef = 5CA1B1F32C88BA8200685486 /* FetchConfigUseCase.swift */; };
		5CA1B1F82C88BA8700685486 /* ConfigRepository.swift in Sources */ = {isa = PBXBuildFile; fileRef = 5CA1B1F62C88BA8700685486 /* ConfigRepository.swift */; };
		5CA1B1FB2C88BA8F00685486 /* ConfigureResponse.swift in Sources */ = {isa = PBXBuildFile; fileRef = 5CA1B1F92C88BA8F00685486 /* ConfigureResponse.swift */; };
		5CA1B1FE2C88BA9500685486 /* NetworkService.swift in Sources */ = {isa = PBXBuildFile; fileRef = 5CA1B1FC2C88BA9500685486 /* NetworkService.swift */; };
		5CA1B2012C88ED0B00685486 /* InfoRowView.swift in Sources */ = {isa = PBXBuildFile; fileRef = 5CA1B2002C88ED0B00685486 /* InfoRowView.swift */; };
/* End PBXBuildFile section */

/* Begin PBXContainerItemProxy section */
		5CA1B1C92C88B95D00685486 /* PBXContainerItemProxy */ = {
			isa = PBXContainerItemProxy;
			containerPortal = 5CA1B1B02C88B95C00685486 /* Project object */;
			proxyType = 1;
			remoteGlobalIDString = 5CA1B1B72C88B95C00685486;
			remoteInfo = "Mini-Sounds-Challenge-ApiCall";
		};
		5CA1B1D32C88B95D00685486 /* PBXContainerItemProxy */ = {
			isa = PBXContainerItemProxy;
			containerPortal = 5CA1B1B02C88B95C00685486 /* Project object */;
			proxyType = 1;
			remoteGlobalIDString = 5CA1B1B72C88B95C00685486;
			remoteInfo = "Mini-Sounds-Challenge-ApiCall";
		};
/* End PBXContainerItemProxy section */

/* Begin PBXFileReference section */
		5CA1B1B82C88B95C00685486 /* Mini-Sounds-Challenge-ApiCall.app */ = {isa = PBXFileReference; explicitFileType = wrapper.application; includeInIndex = 0; path = "Mini-Sounds-Challenge-ApiCall.app"; sourceTree = BUILT_PRODUCTS_DIR; };
		5CA1B1BB2C88B95C00685486 /* Mini_Sounds_Challenge_ApiCallApp.swift */ = {isa = PBXFileReference; lastKnownFileType = sourcecode.swift; path = Mini_Sounds_Challenge_ApiCallApp.swift; sourceTree = "<group>"; };
		5CA1B1BD2C88B95C00685486 /* ContentView.swift */ = {isa = PBXFileReference; lastKnownFileType = sourcecode.swift; path = ContentView.swift; sourceTree = "<group>"; };
		5CA1B1BF2C88B95D00685486 /* Assets.xcassets */ = {isa = PBXFileReference; lastKnownFileType = folder.assetcatalog; path = Assets.xcassets; sourceTree = "<group>"; };
		5CA1B1C22C88B95D00685486 /* Preview Assets.xcassets */ = {isa = PBXFileReference; lastKnownFileType = folder.assetcatalog; path = "Preview Assets.xcassets"; sourceTree = "<group>"; };
		5CA1B1C82C88B95D00685486 /* Mini-Sounds-Challenge-ApiCallTests.xctest */ = {isa = PBXFileReference; explicitFileType = wrapper.cfbundle; includeInIndex = 0; path = "Mini-Sounds-Challenge-ApiCallTests.xctest"; sourceTree = BUILT_PRODUCTS_DIR; };
		5CA1B1CC2C88B95D00685486 /* Mini_Sounds_Challenge_ApiCallTests.swift */ = {isa = PBXFileReference; lastKnownFileType = sourcecode.swift; path = Mini_Sounds_Challenge_ApiCallTests.swift; sourceTree = "<group>"; };
		5CA1B1D22C88B95D00685486 /* Mini-Sounds-Challenge-ApiCallUITests.xctest */ = {isa = PBXFileReference; explicitFileType = wrapper.cfbundle; includeInIndex = 0; path = "Mini-Sounds-Challenge-ApiCallUITests.xctest"; sourceTree = BUILT_PRODUCTS_DIR; };
		5CA1B1D62C88B95D00685486 /* Mini_Sounds_Challenge_ApiCallUITests.swift */ = {isa = PBXFileReference; lastKnownFileType = sourcecode.swift; path = Mini_Sounds_Challenge_ApiCallUITests.swift; sourceTree = "<group>"; };
		5CA1B1D82C88B95D00685486 /* Mini_Sounds_Challenge_ApiCallUITestsLaunchTests.swift */ = {isa = PBXFileReference; lastKnownFileType = sourcecode.swift; path = Mini_Sounds_Challenge_ApiCallUITestsLaunchTests.swift; sourceTree = "<group>"; };
		5CA1B1E52C88BA5000685486 /* ConfigPresenter.swift */ = {isa = PBXFileReference; fileEncoding = 4; lastKnownFileType = sourcecode.swift; path = ConfigPresenter.swift; sourceTree = "<group>"; };
		5CA1B1E72C88BA5000685486 /* AppCoordinator.swift */ = {isa = PBXFileReference; fileEncoding = 4; lastKnownFileType = sourcecode.swift; path = AppCoordinator.swift; sourceTree = "<group>"; };
		5CA1B1E82C88BA5000685486 /* ConfigView.swift */ = {isa = PBXFileReference; fileEncoding = 4; lastKnownFileType = sourcecode.swift; path = ConfigView.swift; sourceTree = "<group>"; };
		5CA1B1E92C88BA5000685486 /* ErrorView.swift */ = {isa = PBXFileReference; fileEncoding = 4; lastKnownFileType = sourcecode.swift; path = ErrorView.swift; sourceTree = "<group>"; };
		5CA1B1EA2C88BA5000685486 /* KillSwitchView.swift */ = {isa = PBXFileReference; fileEncoding = 4; lastKnownFileType = sourcecode.swift; path = KillSwitchView.swift; sourceTree = "<group>"; };
		5CA1B1EB2C88BA5000685486 /* LoadingView.swift */ = {isa = PBXFileReference; fileEncoding = 4; lastKnownFileType = sourcecode.swift; path = LoadingView.swift; sourceTree = "<group>"; };
		5CA1B1F32C88BA8200685486 /* FetchConfigUseCase.swift */ = {isa = PBXFileReference; fileEncoding = 4; lastKnownFileType = sourcecode.swift; path = FetchConfigUseCase.swift; sourceTree = "<group>"; };
		5CA1B1F62C88BA8700685486 /* ConfigRepository.swift */ = {isa = PBXFileReference; fileEncoding = 4; lastKnownFileType = sourcecode.swift; path = ConfigRepository.swift; sourceTree = "<group>"; };
		5CA1B1F92C88BA8F00685486 /* ConfigureResponse.swift */ = {isa = PBXFileReference; fileEncoding = 4; lastKnownFileType = sourcecode.swift; path = ConfigureResponse.swift; sourceTree = "<group>"; };
		5CA1B1FC2C88BA9500685486 /* NetworkService.swift */ = {isa = PBXFileReference; fileEncoding = 4; lastKnownFileType = sourcecode.swift; path = NetworkService.swift; sourceTree = "<group>"; };
		5CA1B2002C88ED0B00685486 /* InfoRowView.swift */ = {isa = PBXFileReference; lastKnownFileType = sourcecode.swift; path = InfoRowView.swift; sourceTree = "<group>"; };
/* End PBXFileReference section */

/* Begin PBXFrameworksBuildPhase section */
		5CA1B1B52C88B95C00685486 /* Frameworks */ = {
			isa = PBXFrameworksBuildPhase;
			buildActionMask = 2147483647;
			files = (
			);
			runOnlyForDeploymentPostprocessing = 0;
		};
		5CA1B1C52C88B95D00685486 /* Frameworks */ = {
			isa = PBXFrameworksBuildPhase;
			buildActionMask = 2147483647;
			files = (
			);
			runOnlyForDeploymentPostprocessing = 0;
		};
		5CA1B1CF2C88B95D00685486 /* Frameworks */ = {
			isa = PBXFrameworksBuildPhase;
			buildActionMask = 2147483647;
			files = (
			);
			runOnlyForDeploymentPostprocessing = 0;
		};
/* End PBXFrameworksBuildPhase section */

/* Begin PBXGroup section */
		5CA1B1AF2C88B95C00685486 = {
			isa = PBXGroup;
			children = (
				5CA1B1BA2C88B95C00685486 /* Mini-Sounds-Challenge-ApiCall */,
				5CA1B1CB2C88B95D00685486 /* Mini-Sounds-Challenge-ApiCallTests */,
				5CA1B1D52C88B95D00685486 /* Mini-Sounds-Challenge-ApiCallUITests */,
				5CA1B1B92C88B95C00685486 /* Products */,
			);
			sourceTree = "<group>";
		};
		5CA1B1B92C88B95C00685486 /* Products */ = {
			isa = PBXGroup;
			children = (
				5CA1B1B82C88B95C00685486 /* Mini-Sounds-Challenge-ApiCall.app */,
				5CA1B1C82C88B95D00685486 /* Mini-Sounds-Challenge-ApiCallTests.xctest */,
				5CA1B1D22C88B95D00685486 /* Mini-Sounds-Challenge-ApiCallUITests.xctest */,
			);
			name = Products;
			sourceTree = "<group>";
		};
		5CA1B1BA2C88B95C00685486 /* Mini-Sounds-Challenge-ApiCall */ = {
			isa = PBXGroup;
			children = (
				5CA1B1FD2C88BA9500685486 /* Networking */,
				5CA1B1FA2C88BA8F00685486 /* Model */,
				5CA1B1F72C88BA8700685486 /* Repo */,
				5CA1B1F42C88BA8200685486 /* UseCase */,
				5CA1B1EC2C88BA5000685486 /* View */,
				5CA1B1BB2C88B95C00685486 /* Mini_Sounds_Challenge_ApiCallApp.swift */,
				5CA1B1BD2C88B95C00685486 /* ContentView.swift */,
				5CA1B1BF2C88B95D00685486 /* Assets.xcassets */,
				5CA1B1C12C88B95D00685486 /* Preview Content */,
			);
			path = "Mini-Sounds-Challenge-ApiCall";
			sourceTree = "<group>";
		};
		5CA1B1C12C88B95D00685486 /* Preview Content */ = {
			isa = PBXGroup;
			children = (
				5CA1B1C22C88B95D00685486 /* Preview Assets.xcassets */,
			);
			path = "Preview Content";
			sourceTree = "<group>";
		};
		5CA1B1CB2C88B95D00685486 /* Mini-Sounds-Challenge-ApiCallTests */ = {
			isa = PBXGroup;
			children = (
				5CA1B1CC2C88B95D00685486 /* Mini_Sounds_Challenge_ApiCallTests.swift */,
			);
			path = "Mini-Sounds-Challenge-ApiCallTests";
			sourceTree = "<group>";
		};
		5CA1B1D52C88B95D00685486 /* Mini-Sounds-Challenge-ApiCallUITests */ = {
			isa = PBXGroup;
			children = (
				5CA1B1D62C88B95D00685486 /* Mini_Sounds_Challenge_ApiCallUITests.swift */,
				5CA1B1D82C88B95D00685486 /* Mini_Sounds_Challenge_ApiCallUITestsLaunchTests.swift */,
			);
			path = "Mini-Sounds-Challenge-ApiCallUITests";
			sourceTree = "<group>";
		};
		5CA1B1E62C88BA5000685486 /* Presenter */ = {
			isa = PBXGroup;
			children = (
				5CA1B1E52C88BA5000685486 /* ConfigPresenter.swift */,
			);
			path = Presenter;
			sourceTree = "<group>";
		};
		5CA1B1EC2C88BA5000685486 /* View */ = {
			isa = PBXGroup;
			children = (
				5CA1B1FF2C88E74B00685486 /* Coordinator */,
				5CA1B1E62C88BA5000685486 /* Presenter */,
				5CA1B1E82C88BA5000685486 /* ConfigView.swift */,
				5CA1B1E92C88BA5000685486 /* ErrorView.swift */,
				5CA1B1EA2C88BA5000685486 /* KillSwitchView.swift */,
				5CA1B1EB2C88BA5000685486 /* LoadingView.swift */,
				5CA1B2002C88ED0B00685486 /* InfoRowView.swift */,
			);
			path = View;
			sourceTree = "<group>";
		};
		5CA1B1F42C88BA8200685486 /* UseCase */ = {
			isa = PBXGroup;
			children = (
				5CA1B1F32C88BA8200685486 /* FetchConfigUseCase.swift */,
			);
			path = UseCase;
			sourceTree = "<group>";
		};
		5CA1B1F72C88BA8700685486 /* Repo */ = {
			isa = PBXGroup;
			children = (
				5CA1B1F62C88BA8700685486 /* ConfigRepository.swift */,
			);
			path = Repo;
			sourceTree = "<group>";
		};
		5CA1B1FA2C88BA8F00685486 /* Model */ = {
			isa = PBXGroup;
			children = (
				5CA1B1F92C88BA8F00685486 /* ConfigureResponse.swift */,
			);
			path = Model;
			sourceTree = "<group>";
		};
		5CA1B1FD2C88BA9500685486 /* Networking */ = {
			isa = PBXGroup;
			children = (
				5CA1B1FC2C88BA9500685486 /* NetworkService.swift */,
			);
			path = Networking;
			sourceTree = "<group>";
		};
		5CA1B1FF2C88E74B00685486 /* Coordinator */ = {
			isa = PBXGroup;
			children = (
				5CA1B1E72C88BA5000685486 /* AppCoordinator.swift */,
			);
			path = Coordinator;
			sourceTree = "<group>";
		};
/* End PBXGroup section */

/* Begin PBXNativeTarget section */
		5CA1B1B72C88B95C00685486 /* Mini-Sounds-Challenge-ApiCall */ = {
			isa = PBXNativeTarget;
			buildConfigurationList = 5CA1B1DC2C88B95D00685486 /* Build configuration list for PBXNativeTarget "Mini-Sounds-Challenge-ApiCall" */;
			buildPhases = (
				5CA1B1B42C88B95C00685486 /* Sources */,
				5CA1B1B52C88B95C00685486 /* Frameworks */,
				5CA1B1B62C88B95C00685486 /* Resources */,
			);
			buildRules = (
			);
			dependencies = (
			);
			name = "Mini-Sounds-Challenge-ApiCall";
			productName = "Mini-Sounds-Challenge-ApiCall";
			productReference = 5CA1B1B82C88B95C00685486 /* Mini-Sounds-Challenge-ApiCall.app */;
			productType = "com.apple.product-type.application";
		};
		5CA1B1C72C88B95D00685486 /* Mini-Sounds-Challenge-ApiCallTests */ = {
			isa = PBXNativeTarget;
			buildConfigurationList = 5CA1B1DF2C88B95D00685486 /* Build configuration list for PBXNativeTarget "Mini-Sounds-Challenge-ApiCallTests" */;
			buildPhases = (
				5CA1B1C42C88B95D00685486 /* Sources */,
				5CA1B1C52C88B95D00685486 /* Frameworks */,
				5CA1B1C62C88B95D00685486 /* Resources */,
			);
			buildRules = (
			);
			dependencies = (
				5CA1B1CA2C88B95D00685486 /* PBXTargetDependency */,
			);
			name = "Mini-Sounds-Challenge-ApiCallTests";
			productName = "Mini-Sounds-Challenge-ApiCallTests";
			productReference = 5CA1B1C82C88B95D00685486 /* Mini-Sounds-Challenge-ApiCallTests.xctest */;
			productType = "com.apple.product-type.bundle.unit-test";
		};
		5CA1B1D12C88B95D00685486 /* Mini-Sounds-Challenge-ApiCallUITests */ = {
			isa = PBXNativeTarget;
			buildConfigurationList = 5CA1B1E22C88B95D00685486 /* Build configuration list for PBXNativeTarget "Mini-Sounds-Challenge-ApiCallUITests" */;
			buildPhases = (
				5CA1B1CE2C88B95D00685486 /* Sources */,
				5CA1B1CF2C88B95D00685486 /* Frameworks */,
				5CA1B1D02C88B95D00685486 /* Resources */,
			);
			buildRules = (
			);
			dependencies = (
				5CA1B1D42C88B95D00685486 /* PBXTargetDependency */,
			);
			name = "Mini-Sounds-Challenge-ApiCallUITests";
			productName = "Mini-Sounds-Challenge-ApiCallUITests";
			productReference = 5CA1B1D22C88B95D00685486 /* Mini-Sounds-Challenge-ApiCallUITests.xctest */;
			productType = "com.apple.product-type.bundle.ui-testing";
		};
/* End PBXNativeTarget section */

/* Begin PBXProject section */
		5CA1B1B02C88B95C00685486 /* Project object */ = {
			isa = PBXProject;
			attributes = {
				BuildIndependentTargetsInParallel = 1;
				LastSwiftUpdateCheck = 1540;
				LastUpgradeCheck = 1540;
				TargetAttributes = {
					5CA1B1B72C88B95C00685486 = {
						CreatedOnToolsVersion = 15.4;
					};
					5CA1B1C72C88B95D00685486 = {
						CreatedOnToolsVersion = 15.4;
						TestTargetID = 5CA1B1B72C88B95C00685486;
					};
					5CA1B1D12C88B95D00685486 = {
						CreatedOnToolsVersion = 15.4;
						TestTargetID = 5CA1B1B72C88B95C00685486;
					};
				};
			};
			buildConfigurationList = 5CA1B1B32C88B95C00685486 /* Build configuration list for PBXProject "Mini-Sounds-Challenge-ApiCall" */;
			compatibilityVersion = "Xcode 14.0";
			developmentRegion = en;
			hasScannedForEncodings = 0;
			knownRegions = (
				en,
				Base,
			);
			mainGroup = 5CA1B1AF2C88B95C00685486;
			productRefGroup = 5CA1B1B92C88B95C00685486 /* Products */;
			projectDirPath = "";
			projectRoot = "";
			targets = (
				5CA1B1B72C88B95C00685486 /* Mini-Sounds-Challenge-ApiCall */,
				5CA1B1C72C88B95D00685486 /* Mini-Sounds-Challenge-ApiCallTests */,
				5CA1B1D12C88B95D00685486 /* Mini-Sounds-Challenge-ApiCallUITests */,
			);
		};
/* End PBXProject section */

/* Begin PBXResourcesBuildPhase section */
		5CA1B1B62C88B95C00685486 /* Resources */ = {
			isa = PBXResourcesBuildPhase;
			buildActionMask = 2147483647;
			files = (
				5CA1B1C32C88B95D00685486 /* Preview Assets.xcassets in Resources */,
				5CA1B1C02C88B95D00685486 /* Assets.xcassets in Resources */,
			);
			runOnlyForDeploymentPostprocessing = 0;
		};
		5CA1B1C62C88B95D00685486 /* Resources */ = {
			isa = PBXResourcesBuildPhase;
			buildActionMask = 2147483647;
			files = (
			);
			runOnlyForDeploymentPostprocessing = 0;
		};
		5CA1B1D02C88B95D00685486 /* Resources */ = {
			isa = PBXResourcesBuildPhase;
			buildActionMask = 2147483647;
			files = (
			);
			runOnlyForDeploymentPostprocessing = 0;
		};
/* End PBXResourcesBuildPhase section */

/* Begin PBXSourcesBuildPhase section */
		5CA1B1B42C88B95C00685486 /* Sources */ = {
			isa = PBXSourcesBuildPhase;
			buildActionMask = 2147483647;
			files = (
				5CA1B1F52C88BA8200685486 /* FetchConfigUseCase.swift in Sources */,
				5CA1B2012C88ED0B00685486 /* InfoRowView.swift in Sources */,
				5CA1B1F12C88BA5000685486 /* KillSwitchView.swift in Sources */,
				5CA1B1EE2C88BA5000685486 /* AppCoordinator.swift in Sources */,
				5CA1B1F02C88BA5000685486 /* ErrorView.swift in Sources */,
				5CA1B1EF2C88BA5000685486 /* ConfigView.swift in Sources */,
				5CA1B1FB2C88BA8F00685486 /* ConfigureResponse.swift in Sources */,
				5CA1B1BE2C88B95C00685486 /* ContentView.swift in Sources */,
				5CA1B1F22C88BA5000685486 /* LoadingView.swift in Sources */,
				5CA1B1F82C88BA8700685486 /* ConfigRepository.swift in Sources */,
				5CA1B1ED2C88BA5000685486 /* ConfigPresenter.swift in Sources */,
				5CA1B1FE2C88BA9500685486 /* NetworkService.swift in Sources */,
				5CA1B1BC2C88B95C00685486 /* Mini_Sounds_Challenge_ApiCallApp.swift in Sources */,
			);
			runOnlyForDeploymentPostprocessing = 0;
		};
		5CA1B1C42C88B95D00685486 /* Sources */ = {
			isa = PBXSourcesBuildPhase;
			buildActionMask = 2147483647;
			files = (
				5CA1B1CD2C88B95D00685486 /* Mini_Sounds_Challenge_ApiCallTests.swift in Sources */,
			);
			runOnlyForDeploymentPostprocessing = 0;
		};
		5CA1B1CE2C88B95D00685486 /* Sources */ = {
			isa = PBXSourcesBuildPhase;
			buildActionMask = 2147483647;
			files = (
				5CA1B1D92C88B95D00685486 /* Mini_Sounds_Challenge_ApiCallUITestsLaunchTests.swift in Sources */,
				5CA1B1D72C88B95D00685486 /* Mini_Sounds_Challenge_ApiCallUITests.swift in Sources */,
			);
			runOnlyForDeploymentPostprocessing = 0;
		};
/* End PBXSourcesBuildPhase section */

/* Begin PBXTargetDependency section */
		5CA1B1CA2C88B95D00685486 /* PBXTargetDependency */ = {
			isa = PBXTargetDependency;
			target = 5CA1B1B72C88B95C00685486 /* Mini-Sounds-Challenge-ApiCall */;
			targetProxy = 5CA1B1C92C88B95D00685486 /* PBXContainerItemProxy */;
		};
		5CA1B1D42C88B95D00685486 /* PBXTargetDependency */ = {
			isa = PBXTargetDependency;
			target = 5CA1B1B72C88B95C00685486 /* Mini-Sounds-Challenge-ApiCall */;
			targetProxy = 5CA1B1D32C88B95D00685486 /* PBXContainerItemProxy */;
		};
/* End PBXTargetDependency section */

/* Begin XCBuildConfiguration section */
		5CA1B1DA2C88B95D00685486 /* Debug */ = {
			isa = XCBuildConfiguration;
			buildSettings = {
				ALWAYS_SEARCH_USER_PATHS = NO;
				ASSETCATALOG_COMPILER_GENERATE_SWIFT_ASSET_SYMBOL_EXTENSIONS = YES;
				CLANG_ANALYZER_NONNULL = YES;
				CLANG_ANALYZER_NUMBER_OBJECT_CONVERSION = YES_AGGRESSIVE;
				CLANG_CXX_LANGUAGE_STANDARD = "gnu++20";
				CLANG_ENABLE_MODULES = YES;
				CLANG_ENABLE_OBJC_ARC = YES;
				CLANG_ENABLE_OBJC_WEAK = YES;
				CLANG_WARN_BLOCK_CAPTURE_AUTORELEASING = YES;
				CLANG_WARN_BOOL_CONVERSION = YES;
				CLANG_WARN_COMMA = YES;
				CLANG_WARN_CONSTANT_CONVERSION = YES;
				CLANG_WARN_DEPRECATED_OBJC_IMPLEMENTATIONS = YES;
				CLANG_WARN_DIRECT_OBJC_ISA_USAGE = YES_ERROR;
				CLANG_WARN_DOCUMENTATION_COMMENTS = YES;
				CLANG_WARN_EMPTY_BODY = YES;
				CLANG_WARN_ENUM_CONVERSION = YES;
				CLANG_WARN_INFINITE_RECURSION = YES;
				CLANG_WARN_INT_CONVERSION = YES;
				CLANG_WARN_NON_LITERAL_NULL_CONVERSION = YES;
				CLANG_WARN_OBJC_IMPLICIT_RETAIN_SELF = YES;
				CLANG_WARN_OBJC_LITERAL_CONVERSION = YES;
				CLANG_WARN_OBJC_ROOT_CLASS = YES_ERROR;
				CLANG_WARN_QUOTED_INCLUDE_IN_FRAMEWORK_HEADER = YES;
				CLANG_WARN_RANGE_LOOP_ANALYSIS = YES;
				CLANG_WARN_STRICT_PROTOTYPES = YES;
				CLANG_WARN_SUSPICIOUS_MOVE = YES;
				CLANG_WARN_UNGUARDED_AVAILABILITY = YES_AGGRESSIVE;
				CLANG_WARN_UNREACHABLE_CODE = YES;
				CLANG_WARN__DUPLICATE_METHOD_MATCH = YES;
				COPY_PHASE_STRIP = NO;
				DEBUG_INFORMATION_FORMAT = dwarf;
				ENABLE_STRICT_OBJC_MSGSEND = YES;
				ENABLE_TESTABILITY = YES;
				ENABLE_USER_SCRIPT_SANDBOXING = YES;
				GCC_C_LANGUAGE_STANDARD = gnu17;
				GCC_DYNAMIC_NO_PIC = NO;
				GCC_NO_COMMON_BLOCKS = YES;
				GCC_OPTIMIZATION_LEVEL = 0;
				GCC_PREPROCESSOR_DEFINITIONS = (
					"DEBUG=1",
					"$(inherited)",
				);
				GCC_WARN_64_TO_32_BIT_CONVERSION = YES;
				GCC_WARN_ABOUT_RETURN_TYPE = YES_ERROR;
				GCC_WARN_UNDECLARED_SELECTOR = YES;
				GCC_WARN_UNINITIALIZED_AUTOS = YES_AGGRESSIVE;
				GCC_WARN_UNUSED_FUNCTION = YES;
				GCC_WARN_UNUSED_VARIABLE = YES;
				IPHONEOS_DEPLOYMENT_TARGET = 17.5;
				LOCALIZATION_PREFERS_STRING_CATALOGS = YES;
				MTL_ENABLE_DEBUG_INFO = INCLUDE_SOURCE;
				MTL_FAST_MATH = YES;
				ONLY_ACTIVE_ARCH = YES;
				SDKROOT = iphoneos;
				SWIFT_ACTIVE_COMPILATION_CONDITIONS = "DEBUG $(inherited)";
				SWIFT_OPTIMIZATION_LEVEL = "-Onone";
			};
			name = Debug;
		};
		5CA1B1DB2C88B95D00685486 /* Release */ = {
			isa = XCBuildConfiguration;
			buildSettings = {
				ALWAYS_SEARCH_USER_PATHS = NO;
				ASSETCATALOG_COMPILER_GENERATE_SWIFT_ASSET_SYMBOL_EXTENSIONS = YES;
				CLANG_ANALYZER_NONNULL = YES;
				CLANG_ANALYZER_NUMBER_OBJECT_CONVERSION = YES_AGGRESSIVE;
				CLANG_CXX_LANGUAGE_STANDARD = "gnu++20";
				CLANG_ENABLE_MODULES = YES;
				CLANG_ENABLE_OBJC_ARC = YES;
				CLANG_ENABLE_OBJC_WEAK = YES;
				CLANG_WARN_BLOCK_CAPTURE_AUTORELEASING = YES;
				CLANG_WARN_BOOL_CONVERSION = YES;
				CLANG_WARN_COMMA = YES;
				CLANG_WARN_CONSTANT_CONVERSION = YES;
				CLANG_WARN_DEPRECATED_OBJC_IMPLEMENTATIONS = YES;
				CLANG_WARN_DIRECT_OBJC_ISA_USAGE = YES_ERROR;
				CLANG_WARN_DOCUMENTATION_COMMENTS = YES;
				CLANG_WARN_EMPTY_BODY = YES;
				CLANG_WARN_ENUM_CONVERSION = YES;
				CLANG_WARN_INFINITE_RECURSION = YES;
				CLANG_WARN_INT_CONVERSION = YES;
				CLANG_WARN_NON_LITERAL_NULL_CONVERSION = YES;
				CLANG_WARN_OBJC_IMPLICIT_RETAIN_SELF = YES;
				CLANG_WARN_OBJC_LITERAL_CONVERSION = YES;
				CLANG_WARN_OBJC_ROOT_CLASS = YES_ERROR;
				CLANG_WARN_QUOTED_INCLUDE_IN_FRAMEWORK_HEADER = YES;
				CLANG_WARN_RANGE_LOOP_ANALYSIS = YES;
				CLANG_WARN_STRICT_PROTOTYPES = YES;
				CLANG_WARN_SUSPICIOUS_MOVE = YES;
				CLANG_WARN_UNGUARDED_AVAILABILITY = YES_AGGRESSIVE;
				CLANG_WARN_UNREACHABLE_CODE = YES;
				CLANG_WARN__DUPLICATE_METHOD_MATCH = YES;
				COPY_PHASE_STRIP = NO;
				DEBUG_INFORMATION_FORMAT = "dwarf-with-dsym";
				ENABLE_NS_ASSERTIONS = NO;
				ENABLE_STRICT_OBJC_MSGSEND = YES;
				ENABLE_USER_SCRIPT_SANDBOXING = YES;
				GCC_C_LANGUAGE_STANDARD = gnu17;
				GCC_NO_COMMON_BLOCKS = YES;
				GCC_WARN_64_TO_32_BIT_CONVERSION = YES;
				GCC_WARN_ABOUT_RETURN_TYPE = YES_ERROR;
				GCC_WARN_UNDECLARED_SELECTOR = YES;
				GCC_WARN_UNINITIALIZED_AUTOS = YES_AGGRESSIVE;
				GCC_WARN_UNUSED_FUNCTION = YES;
				GCC_WARN_UNUSED_VARIABLE = YES;
				IPHONEOS_DEPLOYMENT_TARGET = 17.5;
				LOCALIZATION_PREFERS_STRING_CATALOGS = YES;
				MTL_ENABLE_DEBUG_INFO = NO;
				MTL_FAST_MATH = YES;
				SDKROOT = iphoneos;
				SWIFT_COMPILATION_MODE = wholemodule;
				VALIDATE_PRODUCT = YES;
			};
			name = Release;
		};
		5CA1B1DD2C88B95D00685486 /* Debug */ = {
			isa = XCBuildConfiguration;
			buildSettings = {
				ASSETCATALOG_COMPILER_APPICON_NAME = AppIcon;
				ASSETCATALOG_COMPILER_GLOBAL_ACCENT_COLOR_NAME = AccentColor;
				CODE_SIGN_STYLE = Automatic;
				CURRENT_PROJECT_VERSION = 1;
				DEVELOPMENT_ASSET_PATHS = "\"Mini-Sounds-Challenge-ApiCall/Preview Content\"";
				DEVELOPMENT_TEAM = T5WRTFYQ88;
				ENABLE_PREVIEWS = YES;
				GENERATE_INFOPLIST_FILE = YES;
				INFOPLIST_KEY_UIApplicationSceneManifest_Generation = YES;
				INFOPLIST_KEY_UIApplicationSupportsIndirectInputEvents = YES;
				INFOPLIST_KEY_UILaunchScreen_Generation = YES;
				INFOPLIST_KEY_UISupportedInterfaceOrientations_iPad = "UIInterfaceOrientationPortrait UIInterfaceOrientationPortraitUpsideDown UIInterfaceOrientationLandscapeLeft UIInterfaceOrientationLandscapeRight";
				INFOPLIST_KEY_UISupportedInterfaceOrientations_iPhone = "UIInterfaceOrientationPortrait UIInterfaceOrientationLandscapeLeft UIInterfaceOrientationLandscapeRight";
				LD_RUNPATH_SEARCH_PATHS = (
					"$(inherited)",
					"@executable_path/Frameworks",
				);
				MARKETING_VERSION = 1.0;
				PRODUCT_BUNDLE_IDENTIFIER = "com.MiniSoundChallenge.Mini-Sounds-Challenge-ApiCall";
				PRODUCT_NAME = "$(TARGET_NAME)";
				SWIFT_EMIT_LOC_STRINGS = YES;
				SWIFT_VERSION = 5.0;
				TARGETED_DEVICE_FAMILY = "1,2";
			};
			name = Debug;
		};
		5CA1B1DE2C88B95D00685486 /* Release */ = {
			isa = XCBuildConfiguration;
			buildSettings = {
				ASSETCATALOG_COMPILER_APPICON_NAME = AppIcon;
				ASSETCATALOG_COMPILER_GLOBAL_ACCENT_COLOR_NAME = AccentColor;
				CODE_SIGN_STYLE = Automatic;
				CURRENT_PROJECT_VERSION = 1;
				DEVELOPMENT_ASSET_PATHS = "\"Mini-Sounds-Challenge-ApiCall/Preview Content\"";
				DEVELOPMENT_TEAM = T5WRTFYQ88;
				ENABLE_PREVIEWS = YES;
				GENERATE_INFOPLIST_FILE = YES;
				INFOPLIST_KEY_UIApplicationSceneManifest_Generation = YES;
				INFOPLIST_KEY_UIApplicationSupportsIndirectInputEvents = YES;
				INFOPLIST_KEY_UILaunchScreen_Generation = YES;
				INFOPLIST_KEY_UISupportedInterfaceOrientations_iPad = "UIInterfaceOrientationPortrait UIInterfaceOrientationPortraitUpsideDown UIInterfaceOrientationLandscapeLeft UIInterfaceOrientationLandscapeRight";
				INFOPLIST_KEY_UISupportedInterfaceOrientations_iPhone = "UIInterfaceOrientationPortrait UIInterfaceOrientationLandscapeLeft UIInterfaceOrientationLandscapeRight";
				LD_RUNPATH_SEARCH_PATHS = (
					"$(inherited)",
					"@executable_path/Frameworks",
				);
				MARKETING_VERSION = 1.0;
				PRODUCT_BUNDLE_IDENTIFIER = "com.MiniSoundChallenge.Mini-Sounds-Challenge-ApiCall";
				PRODUCT_NAME = "$(TARGET_NAME)";
				SWIFT_EMIT_LOC_STRINGS = YES;
				SWIFT_VERSION = 5.0;
				TARGETED_DEVICE_FAMILY = "1,2";
			};
			name = Release;
		};
		5CA1B1E02C88B95D00685486 /* Debug */ = {
			isa = XCBuildConfiguration;
			buildSettings = {
				ALWAYS_EMBED_SWIFT_STANDARD_LIBRARIES = YES;
				BUNDLE_LOADER = "$(TEST_HOST)";
				CODE_SIGN_STYLE = Automatic;
				CURRENT_PROJECT_VERSION = 1;
				DEVELOPMENT_TEAM = T5WRTFYQ88;
				GENERATE_INFOPLIST_FILE = YES;
				IPHONEOS_DEPLOYMENT_TARGET = 17.5;
				MARKETING_VERSION = 1.0;
				PRODUCT_BUNDLE_IDENTIFIER = "com.MiniSoundChallenge.Mini-Sounds-Challenge-ApiCallTests";
				PRODUCT_NAME = "$(TARGET_NAME)";
				SWIFT_EMIT_LOC_STRINGS = NO;
				SWIFT_VERSION = 5.0;
				TARGETED_DEVICE_FAMILY = "1,2";
				TEST_HOST = "$(BUILT_PRODUCTS_DIR)/Mini-Sounds-Challenge-ApiCall.app/$(BUNDLE_EXECUTABLE_FOLDER_PATH)/Mini-Sounds-Challenge-ApiCall";
			};
			name = Debug;
		};
		5CA1B1E12C88B95D00685486 /* Release */ = {
			isa = XCBuildConfiguration;
			buildSettings = {
				ALWAYS_EMBED_SWIFT_STANDARD_LIBRARIES = YES;
				BUNDLE_LOADER = "$(TEST_HOST)";
				CODE_SIGN_STYLE = Automatic;
				CURRENT_PROJECT_VERSION = 1;
				DEVELOPMENT_TEAM = T5WRTFYQ88;
				GENERATE_INFOPLIST_FILE = YES;
				IPHONEOS_DEPLOYMENT_TARGET = 17.5;
				MARKETING_VERSION = 1.0;
				PRODUCT_BUNDLE_IDENTIFIER = "com.MiniSoundChallenge.Mini-Sounds-Challenge-ApiCallTests";
				PRODUCT_NAME = "$(TARGET_NAME)";
				SWIFT_EMIT_LOC_STRINGS = NO;
				SWIFT_VERSION = 5.0;
				TARGETED_DEVICE_FAMILY = "1,2";
				TEST_HOST = "$(BUILT_PRODUCTS_DIR)/Mini-Sounds-Challenge-ApiCall.app/$(BUNDLE_EXECUTABLE_FOLDER_PATH)/Mini-Sounds-Challenge-ApiCall";
			};
			name = Release;
		};
		5CA1B1E32C88B95D00685486 /* Debug */ = {
			isa = XCBuildConfiguration;
			buildSettings = {
				ALWAYS_EMBED_SWIFT_STANDARD_LIBRARIES = YES;
				CODE_SIGN_STYLE = Automatic;
				CURRENT_PROJECT_VERSION = 1;
				DEVELOPMENT_TEAM = T5WRTFYQ88;
				GENERATE_INFOPLIST_FILE = YES;
				MARKETING_VERSION = 1.0;
				PRODUCT_BUNDLE_IDENTIFIER = "com.MiniSoundChallenge.Mini-Sounds-Challenge-ApiCallUITests";
				PRODUCT_NAME = "$(TARGET_NAME)";
				SWIFT_EMIT_LOC_STRINGS = NO;
				SWIFT_VERSION = 5.0;
				TARGETED_DEVICE_FAMILY = "1,2";
				TEST_TARGET_NAME = "Mini-Sounds-Challenge-ApiCall";
			};
			name = Debug;
		};
		5CA1B1E42C88B95D00685486 /* Release */ = {
			isa = XCBuildConfiguration;
			buildSettings = {
				ALWAYS_EMBED_SWIFT_STANDARD_LIBRARIES = YES;
				CODE_SIGN_STYLE = Automatic;
				CURRENT_PROJECT_VERSION = 1;
				DEVELOPMENT_TEAM = T5WRTFYQ88;
				GENERATE_INFOPLIST_FILE = YES;
				MARKETING_VERSION = 1.0;
				PRODUCT_BUNDLE_IDENTIFIER = "com.MiniSoundChallenge.Mini-Sounds-Challenge-ApiCallUITests";
				PRODUCT_NAME = "$(TARGET_NAME)";
				SWIFT_EMIT_LOC_STRINGS = NO;
				SWIFT_VERSION = 5.0;
				TARGETED_DEVICE_FAMILY = "1,2";
				TEST_TARGET_NAME = "Mini-Sounds-Challenge-ApiCall";
			};
			name = Release;
		};
/* End XCBuildConfiguration section */

/* Begin XCConfigurationList section */
		5CA1B1B32C88B95C00685486 /* Build configuration list for PBXProject "Mini-Sounds-Challenge-ApiCall" */ = {
			isa = XCConfigurationList;
			buildConfigurations = (
				5CA1B1DA2C88B95D00685486 /* Debug */,
				5CA1B1DB2C88B95D00685486 /* Release */,
			);
			defaultConfigurationIsVisible = 0;
			defaultConfigurationName = Release;
		};
		5CA1B1DC2C88B95D00685486 /* Build configuration list for PBXNativeTarget "Mini-Sounds-Challenge-ApiCall" */ = {
			isa = XCConfigurationList;
			buildConfigurations = (
				5CA1B1DD2C88B95D00685486 /* Debug */,
				5CA1B1DE2C88B95D00685486 /* Release */,
			);
			defaultConfigurationIsVisible = 0;
			defaultConfigurationName = Release;
		};
		5CA1B1DF2C88B95D00685486 /* Build configuration list for PBXNativeTarget "Mini-Sounds-Challenge-ApiCallTests" */ = {
			isa = XCConfigurationList;
			buildConfigurations = (
				5CA1B1E02C88B95D00685486 /* Debug */,
				5CA1B1E12C88B95D00685486 /* Release */,
			);
			defaultConfigurationIsVisible = 0;
			defaultConfigurationName = Release;
		};
		5CA1B1E22C88B95D00685486 /* Build configuration list for PBXNativeTarget "Mini-Sounds-Challenge-ApiCallUITests" */ = {
			isa = XCConfigurationList;
			buildConfigurations = (
				5CA1B1E32C88B95D00685486 /* Debug */,
				5CA1B1E42C88B95D00685486 /* Release */,
			);
			defaultConfigurationIsVisible = 0;
			defaultConfigurationName = Release;
		};
/* End XCConfigurationList section */
	};
	rootObject = 5CA1B1B02C88B95C00685486 /* Project object */;
}
